// !$*UTF8*$!
{
	archiveVersion = 1;
	classes = {
	};
	objectVersion = 56;
	objects = {

/* Begin PBXBuildFile section */
		F2FD627D2B47368D006E8FDA /* SheridanBnbApp.swift in Sources */ = {isa = PBXBuildFile; fileRef = F2FD627C2B47368D006E8FDA /* SheridanBnbApp.swift */; };
		F2FD627F2B47368D006E8FDA /* ContentView.swift in Sources */ = {isa = PBXBuildFile; fileRef = F2FD627E2B47368D006E8FDA /* ContentView.swift */; };
		F2FD62812B47368F006E8FDA /* Assets.xcassets in Resources */ = {isa = PBXBuildFile; fileRef = F2FD62802B47368F006E8FDA /* Assets.xcassets */; };
		F2FD62842B47368F006E8FDA /* Preview Assets.xcassets in Resources */ = {isa = PBXBuildFile; fileRef = F2FD62832B47368F006E8FDA /* Preview Assets.xcassets */; };
		F2FD628B2B474C7D006E8FDA /* GoogleService-Info.plist in Resources */ = {isa = PBXBuildFile; fileRef = F2FD628A2B474C7D006E8FDA /* GoogleService-Info.plist */; };
		F2FD628E2B475A6C006E8FDA /* FirebaseAnalytics in Frameworks */ = {isa = PBXBuildFile; productRef = F2FD628D2B475A6C006E8FDA /* FirebaseAnalytics */; };
		F2FD62902B475A6C006E8FDA /* FirebaseAnalyticsOnDeviceConversion in Frameworks */ = {isa = PBXBuildFile; productRef = F2FD628F2B475A6C006E8FDA /* FirebaseAnalyticsOnDeviceConversion */; };
		F2FD62922B475A6C006E8FDA /* FirebaseAnalyticsSwift in Frameworks */ = {isa = PBXBuildFile; productRef = F2FD62912B475A6C006E8FDA /* FirebaseAnalyticsSwift */; };
		F2FD62942B475A6C006E8FDA /* FirebaseAnalyticsWithoutAdIdSupport in Frameworks */ = {isa = PBXBuildFile; productRef = F2FD62932B475A6C006E8FDA /* FirebaseAnalyticsWithoutAdIdSupport */; };
		F2FD62982B475A6C006E8FDA /* FirebaseAppDistribution-Beta in Frameworks */ = {isa = PBXBuildFile; productRef = F2FD62972B475A6C006E8FDA /* FirebaseAppDistribution-Beta */; };
		F2FD629A2B475A6C006E8FDA /* FirebaseAuth in Frameworks */ = {isa = PBXBuildFile; productRef = F2FD62992B475A6C006E8FDA /* FirebaseAuth */; };
		F2FD629D2B479AC2006E8FDA /* Classroom.swift in Sources */ = {isa = PBXBuildFile; fileRef = F2FD629C2B479AC2006E8FDA /* Classroom.swift */; };
		F2FD62A12B479CD3006E8FDA /* DisplayViewModel.swift in Sources */ = {isa = PBXBuildFile; fileRef = F2FD62A02B479CD3006E8FDA /* DisplayViewModel.swift */; };
		F2FD62A42B47A382006E8FDA /* FirebaseFirestore in Frameworks */ = {isa = PBXBuildFile; productRef = F2FD62A32B47A382006E8FDA /* FirebaseFirestore */; };
		F2FD62A62B47A38C006E8FDA /* FirebaseFirestoreSwift in Frameworks */ = {isa = PBXBuildFile; productRef = F2FD62A52B47A38C006E8FDA /* FirebaseFirestoreSwift */; };
		F2FD62AA2B48C3D2006E8FDA /* SearchBar.swift in Sources */ = {isa = PBXBuildFile; fileRef = F2FD62A92B48C3D2006E8FDA /* SearchBar.swift */; };
		F2FD62AC2B48C66D006E8FDA /* FilterView.swift in Sources */ = {isa = PBXBuildFile; fileRef = F2FD62AB2B48C66D006E8FDA /* FilterView.swift */; };
		F8153AB82B49E0C80002E5D5 /* MainEntryView.swift in Sources */ = {isa = PBXBuildFile; fileRef = F8153AB72B49E0C80002E5D5 /* MainEntryView.swift */; };
		F8153ABA2B49EA4F0002E5D5 /* Wave.swift in Sources */ = {isa = PBXBuildFile; fileRef = F8153AB92B49EA4F0002E5D5 /* Wave.swift */; };
		F8153AC62B4B1F730002E5D5 /* ClassroomDetailView.swift in Sources */ = {isa = PBXBuildFile; fileRef = F8153AC52B4B1F730002E5D5 /* ClassroomDetailView.swift */; };
/* End PBXBuildFile section */

/* Begin PBXFileReference section */
		F2FD62792B47368D006E8FDA /* SheridanBnb.app */ = {isa = PBXFileReference; explicitFileType = wrapper.application; includeInIndex = 0; path = SheridanBnb.app; sourceTree = BUILT_PRODUCTS_DIR; };
		F2FD627C2B47368D006E8FDA /* SheridanBnbApp.swift */ = {isa = PBXFileReference; lastKnownFileType = sourcecode.swift; path = SheridanBnbApp.swift; sourceTree = "<group>"; };
		F2FD627E2B47368D006E8FDA /* ContentView.swift */ = {isa = PBXFileReference; lastKnownFileType = sourcecode.swift; path = ContentView.swift; sourceTree = "<group>"; };
		F2FD62802B47368F006E8FDA /* Assets.xcassets */ = {isa = PBXFileReference; lastKnownFileType = folder.assetcatalog; path = Assets.xcassets; sourceTree = "<group>"; };
		F2FD62832B47368F006E8FDA /* Preview Assets.xcassets */ = {isa = PBXFileReference; lastKnownFileType = folder.assetcatalog; path = "Preview Assets.xcassets"; sourceTree = "<group>"; };
		F2FD628A2B474C7D006E8FDA /* GoogleService-Info.plist */ = {isa = PBXFileReference; fileEncoding = 4; lastKnownFileType = text.plist.xml; path = "GoogleService-Info.plist"; sourceTree = "<group>"; };
		F2FD629C2B479AC2006E8FDA /* Classroom.swift */ = {isa = PBXFileReference; lastKnownFileType = sourcecode.swift; path = Classroom.swift; sourceTree = "<group>"; };
		F2FD62A02B479CD3006E8FDA /* DisplayViewModel.swift */ = {isa = PBXFileReference; lastKnownFileType = sourcecode.swift; path = DisplayViewModel.swift; sourceTree = "<group>"; };
		F2FD62A92B48C3D2006E8FDA /* SearchBar.swift */ = {isa = PBXFileReference; lastKnownFileType = sourcecode.swift; path = SearchBar.swift; sourceTree = "<group>"; };
		F2FD62AB2B48C66D006E8FDA /* FilterView.swift */ = {isa = PBXFileReference; lastKnownFileType = sourcecode.swift; path = FilterView.swift; sourceTree = "<group>"; };
		F8153AB72B49E0C80002E5D5 /* MainEntryView.swift */ = {isa = PBXFileReference; lastKnownFileType = sourcecode.swift; path = MainEntryView.swift; sourceTree = "<group>"; };
		F8153AB92B49EA4F0002E5D5 /* Wave.swift */ = {isa = PBXFileReference; lastKnownFileType = sourcecode.swift; path = Wave.swift; sourceTree = "<group>"; };
		F8153AC52B4B1F730002E5D5 /* ClassroomDetailView.swift */ = {isa = PBXFileReference; lastKnownFileType = sourcecode.swift; path = ClassroomDetailView.swift; sourceTree = "<group>"; };
/* End PBXFileReference section */

/* Begin PBXFrameworksBuildPhase section */
		F2FD62762B47368D006E8FDA /* Frameworks */ = {
			isa = PBXFrameworksBuildPhase;
			buildActionMask = 2147483647;
			files = (
				F2FD62922B475A6C006E8FDA /* FirebaseAnalyticsSwift in Frameworks */,
				F2FD628E2B475A6C006E8FDA /* FirebaseAnalytics in Frameworks */,
				F2FD62902B475A6C006E8FDA /* FirebaseAnalyticsOnDeviceConversion in Frameworks */,
				F2FD62942B475A6C006E8FDA /* FirebaseAnalyticsWithoutAdIdSupport in Frameworks */,
				F2FD62A42B47A382006E8FDA /* FirebaseFirestore in Frameworks */,
				F2FD629A2B475A6C006E8FDA /* FirebaseAuth in Frameworks */,
				F2FD62982B475A6C006E8FDA /* FirebaseAppDistribution-Beta in Frameworks */,
				F2FD62A62B47A38C006E8FDA /* FirebaseFirestoreSwift in Frameworks */,
			);
			runOnlyForDeploymentPostprocessing = 0;
		};
/* End PBXFrameworksBuildPhase section */

/* Begin PBXGroup section */
		F2FD62702B47368D006E8FDA = {
			isa = PBXGroup;
			children = (
				F2FD627B2B47368D006E8FDA /* SheridanBnb */,
				F2FD627A2B47368D006E8FDA /* Products */,
				F2FD62A22B47A382006E8FDA /* Frameworks */,
			);
			sourceTree = "<group>";
		};
		F2FD627A2B47368D006E8FDA /* Products */ = {
			isa = PBXGroup;
			children = (
				F2FD62792B47368D006E8FDA /* SheridanBnb.app */,
			);
			name = Products;
			sourceTree = "<group>";
		};
		F2FD627B2B47368D006E8FDA /* SheridanBnb */ = {
			isa = PBXGroup;
			children = (
				F8153AB22B4887470002E5D5 /* Views */,
				F2FD629F2B479CB5006E8FDA /* ViewModels */,
				F2FD629B2B479A9F006E8FDA /* Models */,
				F2FD628A2B474C7D006E8FDA /* GoogleService-Info.plist */,
				F2FD627C2B47368D006E8FDA /* SheridanBnbApp.swift */,
				F2FD62802B47368F006E8FDA /* Assets.xcassets */,
				F2FD62822B47368F006E8FDA /* Preview Content */,
			);
			path = SheridanBnb;
			sourceTree = "<group>";
		};
		F2FD62822B47368F006E8FDA /* Preview Content */ = {
			isa = PBXGroup;
			children = (
				F2FD62832B47368F006E8FDA /* Preview Assets.xcassets */,
			);
			path = "Preview Content";
			sourceTree = "<group>";
		};
		F2FD629B2B479A9F006E8FDA /* Models */ = {
			isa = PBXGroup;
			children = (
				F2FD629C2B479AC2006E8FDA /* Classroom.swift */,
				F8153AB92B49EA4F0002E5D5 /* Wave.swift */,
			);
			path = Models;
			sourceTree = "<group>";
		};
		F2FD629F2B479CB5006E8FDA /* ViewModels */ = {
			isa = PBXGroup;
			children = (
				F2FD62A02B479CD3006E8FDA /* DisplayViewModel.swift */,
			);
			path = ViewModels;
			sourceTree = "<group>";
		};
		F2FD62A22B47A382006E8FDA /* Frameworks */ = {
			isa = PBXGroup;
			children = (
			);
			name = Frameworks;
			sourceTree = "<group>";
		};
		F8153AB22B4887470002E5D5 /* Views */ = {
			isa = PBXGroup;
			children = (
				F2FD627E2B47368D006E8FDA /* ContentView.swift */,
				F2FD62A92B48C3D2006E8FDA /* SearchBar.swift */,
				F2FD62AB2B48C66D006E8FDA /* FilterView.swift */,
				F8153AB72B49E0C80002E5D5 /* MainEntryView.swift */,
				F8153AC52B4B1F730002E5D5 /* ClassroomDetailView.swift */,
			);
			path = Views;
			sourceTree = "<group>";
		};
/* End PBXGroup section */

/* Begin PBXNativeTarget section */
		F2FD62782B47368D006E8FDA /* SheridanBnb */ = {
			isa = PBXNativeTarget;
			buildConfigurationList = F2FD62872B47368F006E8FDA /* Build configuration list for PBXNativeTarget "SheridanBnb" */;
			buildPhases = (
				F2FD62752B47368D006E8FDA /* Sources */,
				F2FD62762B47368D006E8FDA /* Frameworks */,
				F2FD62772B47368D006E8FDA /* Resources */,
			);
			buildRules = (
			);
			dependencies = (
			);
			name = SheridanBnb;
			packageProductDependencies = (
				F2FD628D2B475A6C006E8FDA /* FirebaseAnalytics */,
				F2FD628F2B475A6C006E8FDA /* FirebaseAnalyticsOnDeviceConversion */,
				F2FD62912B475A6C006E8FDA /* FirebaseAnalyticsSwift */,
				F2FD62932B475A6C006E8FDA /* FirebaseAnalyticsWithoutAdIdSupport */,
				F2FD62972B475A6C006E8FDA /* FirebaseAppDistribution-Beta */,
				F2FD62992B475A6C006E8FDA /* FirebaseAuth */,
				F2FD62A32B47A382006E8FDA /* FirebaseFirestore */,
				F2FD62A52B47A38C006E8FDA /* FirebaseFirestoreSwift */,
			);
			productName = SheridanBnb;
			productReference = F2FD62792B47368D006E8FDA /* SheridanBnb.app */;
			productType = "com.apple.product-type.application";
		};
/* End PBXNativeTarget section */

/* Begin PBXProject section */
		F2FD62712B47368D006E8FDA /* Project object */ = {
			isa = PBXProject;
			attributes = {
				BuildIndependentTargetsInParallel = 1;
				LastSwiftUpdateCheck = 1510;
				LastUpgradeCheck = 1510;
				TargetAttributes = {
					F2FD62782B47368D006E8FDA = {
						CreatedOnToolsVersion = 15.1;
					};
				};
			};
			buildConfigurationList = F2FD62742B47368D006E8FDA /* Build configuration list for PBXProject "SheridanBnb" */;
			compatibilityVersion = "Xcode 14.0";
			developmentRegion = en;
			hasScannedForEncodings = 0;
			knownRegions = (
				en,
				Base,
			);
			mainGroup = F2FD62702B47368D006E8FDA;
			packageReferences = (
				F2FD628C2B475A6C006E8FDA /* XCRemoteSwiftPackageReference "firebase-ios-sdk" */,
			);
			productRefGroup = F2FD627A2B47368D006E8FDA /* Products */;
			projectDirPath = "";
			projectRoot = "";
			targets = (
				F2FD62782B47368D006E8FDA /* SheridanBnb */,
			);
		};
/* End PBXProject section */

/* Begin PBXResourcesBuildPhase section */
		F2FD62772B47368D006E8FDA /* Resources */ = {
			isa = PBXResourcesBuildPhase;
			buildActionMask = 2147483647;
			files = (
				F2FD62842B47368F006E8FDA /* Preview Assets.xcassets in Resources */,
				F2FD62812B47368F006E8FDA /* Assets.xcassets in Resources */,
				F2FD628B2B474C7D006E8FDA /* GoogleService-Info.plist in Resources */,
			);
			runOnlyForDeploymentPostprocessing = 0;
		};
/* End PBXResourcesBuildPhase section */

/* Begin PBXSourcesBuildPhase section */
		F2FD62752B47368D006E8FDA /* Sources */ = {
			isa = PBXSourcesBuildPhase;
			buildActionMask = 2147483647;
			files = (
				F8153ABA2B49EA4F0002E5D5 /* Wave.swift in Sources */,
				F2FD627F2B47368D006E8FDA /* ContentView.swift in Sources */,
				F2FD627D2B47368D006E8FDA /* SheridanBnbApp.swift in Sources */,
				F2FD629D2B479AC2006E8FDA /* Classroom.swift in Sources */,
				F8153AC62B4B1F730002E5D5 /* ClassroomDetailView.swift in Sources */,
				F2FD62A12B479CD3006E8FDA /* DisplayViewModel.swift in Sources */,
				F8153AB82B49E0C80002E5D5 /* MainEntryView.swift in Sources */,
				F2FD62AC2B48C66D006E8FDA /* FilterView.swift in Sources */,
				F2FD62AA2B48C3D2006E8FDA /* SearchBar.swift in Sources */,
			);
			runOnlyForDeploymentPostprocessing = 0;
		};
/* End PBXSourcesBuildPhase section */

/* Begin XCBuildConfiguration section */
		F2FD62852B47368F006E8FDA /* Debug */ = {
			isa = XCBuildConfiguration;
			buildSettings = {
				ALWAYS_SEARCH_USER_PATHS = NO;
				ASSETCATALOG_COMPILER_GENERATE_SWIFT_ASSET_SYMBOL_EXTENSIONS = YES;
				CLANG_ANALYZER_NONNULL = YES;
				CLANG_ANALYZER_NUMBER_OBJECT_CONVERSION = YES_AGGRESSIVE;
				CLANG_CXX_LANGUAGE_STANDARD = "gnu++20";
				CLANG_ENABLE_MODULES = YES;
				CLANG_ENABLE_OBJC_ARC = YES;
				CLANG_ENABLE_OBJC_WEAK = YES;
				CLANG_WARN_BLOCK_CAPTURE_AUTORELEASING = YES;
				CLANG_WARN_BOOL_CONVERSION = YES;
				CLANG_WARN_COMMA = YES;
				CLANG_WARN_CONSTANT_CONVERSION = YES;
				CLANG_WARN_DEPRECATED_OBJC_IMPLEMENTATIONS = YES;
				CLANG_WARN_DIRECT_OBJC_ISA_USAGE = YES_ERROR;
				CLANG_WARN_DOCUMENTATION_COMMENTS = YES;
				CLANG_WARN_EMPTY_BODY = YES;
				CLANG_WARN_ENUM_CONVERSION = YES;
				CLANG_WARN_INFINITE_RECURSION = YES;
				CLANG_WARN_INT_CONVERSION = YES;
				CLANG_WARN_NON_LITERAL_NULL_CONVERSION = YES;
				CLANG_WARN_OBJC_IMPLICIT_RETAIN_SELF = YES;
				CLANG_WARN_OBJC_LITERAL_CONVERSION = YES;
				CLANG_WARN_OBJC_ROOT_CLASS = YES_ERROR;
				CLANG_WARN_QUOTED_INCLUDE_IN_FRAMEWORK_HEADER = YES;
				CLANG_WARN_RANGE_LOOP_ANALYSIS = YES;
				CLANG_WARN_STRICT_PROTOTYPES = YES;
				CLANG_WARN_SUSPICIOUS_MOVE = YES;
				CLANG_WARN_UNGUARDED_AVAILABILITY = YES_AGGRESSIVE;
				CLANG_WARN_UNREACHABLE_CODE = YES;
				CLANG_WARN__DUPLICATE_METHOD_MATCH = YES;
				COPY_PHASE_STRIP = NO;
				DEBUG_INFORMATION_FORMAT = dwarf;
				ENABLE_STRICT_OBJC_MSGSEND = YES;
				ENABLE_TESTABILITY = YES;
				ENABLE_USER_SCRIPT_SANDBOXING = YES;
				GCC_C_LANGUAGE_STANDARD = gnu17;
				GCC_DYNAMIC_NO_PIC = NO;
				GCC_NO_COMMON_BLOCKS = YES;
				GCC_OPTIMIZATION_LEVEL = 0;
				GCC_PREPROCESSOR_DEFINITIONS = (
					"DEBUG=1",
					"$(inherited)",
				);
				GCC_WARN_64_TO_32_BIT_CONVERSION = YES;
				GCC_WARN_ABOUT_RETURN_TYPE = YES_ERROR;
				GCC_WARN_UNDECLARED_SELECTOR = YES;
				GCC_WARN_UNINITIALIZED_AUTOS = YES_AGGRESSIVE;
				GCC_WARN_UNUSED_FUNCTION = YES;
				GCC_WARN_UNUSED_VARIABLE = YES;
				IPHONEOS_DEPLOYMENT_TARGET = 17.2;
				LOCALIZATION_PREFERS_STRING_CATALOGS = YES;
				MTL_ENABLE_DEBUG_INFO = INCLUDE_SOURCE;
				MTL_FAST_MATH = YES;
				ONLY_ACTIVE_ARCH = YES;
				SDKROOT = iphoneos;
				SWIFT_ACTIVE_COMPILATION_CONDITIONS = "DEBUG $(inherited)";
				SWIFT_OPTIMIZATION_LEVEL = "-Onone";
			};
			name = Debug;
		};
		F2FD62862B47368F006E8FDA /* Release */ = {
			isa = XCBuildConfiguration;
			buildSettings = {
				ALWAYS_SEARCH_USER_PATHS = NO;
				ASSETCATALOG_COMPILER_GENERATE_SWIFT_ASSET_SYMBOL_EXTENSIONS = YES;
				CLANG_ANALYZER_NONNULL = YES;
				CLANG_ANALYZER_NUMBER_OBJECT_CONVERSION = YES_AGGRESSIVE;
				CLANG_CXX_LANGUAGE_STANDARD = "gnu++20";
				CLANG_ENABLE_MODULES = YES;
				CLANG_ENABLE_OBJC_ARC = YES;
				CLANG_ENABLE_OBJC_WEAK = YES;
				CLANG_WARN_BLOCK_CAPTURE_AUTORELEASING = YES;
				CLANG_WARN_BOOL_CONVERSION = YES;
				CLANG_WARN_COMMA = YES;
				CLANG_WARN_CONSTANT_CONVERSION = YES;
				CLANG_WARN_DEPRECATED_OBJC_IMPLEMENTATIONS = YES;
				CLANG_WARN_DIRECT_OBJC_ISA_USAGE = YES_ERROR;
				CLANG_WARN_DOCUMENTATION_COMMENTS = YES;
				CLANG_WARN_EMPTY_BODY = YES;
				CLANG_WARN_ENUM_CONVERSION = YES;
				CLANG_WARN_INFINITE_RECURSION = YES;
				CLANG_WARN_INT_CONVERSION = YES;
				CLANG_WARN_NON_LITERAL_NULL_CONVERSION = YES;
				CLANG_WARN_OBJC_IMPLICIT_RETAIN_SELF = YES;
				CLANG_WARN_OBJC_LITERAL_CONVERSION = YES;
				CLANG_WARN_OBJC_ROOT_CLASS = YES_ERROR;
				CLANG_WARN_QUOTED_INCLUDE_IN_FRAMEWORK_HEADER = YES;
				CLANG_WARN_RANGE_LOOP_ANALYSIS = YES;
				CLANG_WARN_STRICT_PROTOTYPES = YES;
				CLANG_WARN_SUSPICIOUS_MOVE = YES;
				CLANG_WARN_UNGUARDED_AVAILABILITY = YES_AGGRESSIVE;
				CLANG_WARN_UNREACHABLE_CODE = YES;
				CLANG_WARN__DUPLICATE_METHOD_MATCH = YES;
				COPY_PHASE_STRIP = NO;
				DEBUG_INFORMATION_FORMAT = "dwarf-with-dsym";
				ENABLE_NS_ASSERTIONS = NO;
				ENABLE_STRICT_OBJC_MSGSEND = YES;
				ENABLE_USER_SCRIPT_SANDBOXING = YES;
				GCC_C_LANGUAGE_STANDARD = gnu17;
				GCC_NO_COMMON_BLOCKS = YES;
				GCC_WARN_64_TO_32_BIT_CONVERSION = YES;
				GCC_WARN_ABOUT_RETURN_TYPE = YES_ERROR;
				GCC_WARN_UNDECLARED_SELECTOR = YES;
				GCC_WARN_UNINITIALIZED_AUTOS = YES_AGGRESSIVE;
				GCC_WARN_UNUSED_FUNCTION = YES;
				GCC_WARN_UNUSED_VARIABLE = YES;
				IPHONEOS_DEPLOYMENT_TARGET = 17.2;
				LOCALIZATION_PREFERS_STRING_CATALOGS = YES;
				MTL_ENABLE_DEBUG_INFO = NO;
				MTL_FAST_MATH = YES;
				SDKROOT = iphoneos;
				SWIFT_COMPILATION_MODE = wholemodule;
				VALIDATE_PRODUCT = YES;
			};
			name = Release;
		};
		F2FD62882B47368F006E8FDA /* Debug */ = {
			isa = XCBuildConfiguration;
			buildSettings = {
				ASSETCATALOG_COMPILER_APPICON_NAME = AppIcon;
				ASSETCATALOG_COMPILER_GLOBAL_ACCENT_COLOR_NAME = AccentColor;
				CODE_SIGN_IDENTITY = "Apple Development";
				"CODE_SIGN_IDENTITY[sdk=iphoneos*]" = "iPhone Developer";
				CODE_SIGN_STYLE = Manual;
				CURRENT_PROJECT_VERSION = 1;
				DEVELOPMENT_ASSET_PATHS = "\"SheridanBnb/Preview Content\"";
				DEVELOPMENT_TEAM = "";
				"DEVELOPMENT_TEAM[sdk=iphoneos*]" = M46W996KF7;
				ENABLE_PREVIEWS = YES;
				GENERATE_INFOPLIST_FILE = YES;
				INFOPLIST_KEY_UIApplicationSceneManifest_Generation = YES;
				INFOPLIST_KEY_UIApplicationSupportsIndirectInputEvents = YES;
				INFOPLIST_KEY_UILaunchScreen_Generation = YES;
				INFOPLIST_KEY_UISupportedInterfaceOrientations_iPad = "UIInterfaceOrientationPortrait UIInterfaceOrientationPortraitUpsideDown UIInterfaceOrientationLandscapeLeft UIInterfaceOrientationLandscapeRight";
				INFOPLIST_KEY_UISupportedInterfaceOrientations_iPhone = "UIInterfaceOrientationPortrait UIInterfaceOrientationLandscapeLeft UIInterfaceOrientationLandscapeRight";
				IPHONEOS_DEPLOYMENT_TARGET = 17.0;
				LD_RUNPATH_SEARCH_PATHS = (
					"$(inherited)",
					"@executable_path/Frameworks",
				);
				MARKETING_VERSION = 1.0;
				PRODUCT_BUNDLE_IDENTIFIER = com.wt.SheridanBnb;
				PRODUCT_NAME = "$(TARGET_NAME)";
				PROVISIONING_PROFILE_SPECIFIER = "";
				"PROVISIONING_PROFILE_SPECIFIER[sdk=iphoneos*]" = "SheridanBnb Dev";
				SWIFT_EMIT_LOC_STRINGS = YES;
				SWIFT_VERSION = 5.0;
				TARGETED_DEVICE_FAMILY = "1,2";
			};
			name = Debug;
		};
		F2FD62892B47368F006E8FDA /* Release */ = {
			isa = XCBuildConfiguration;
			buildSettings = {
				ASSETCATALOG_COMPILER_APPICON_NAME = AppIcon;
				ASSETCATALOG_COMPILER_GLOBAL_ACCENT_COLOR_NAME = AccentColor;
				"CODE_SIGN_IDENTITY[sdk=iphoneos*]" = "iPhone Developer";
				CODE_SIGN_STYLE = Manual;
				CURRENT_PROJECT_VERSION = 1;
				DEVELOPMENT_ASSET_PATHS = "\"SheridanBnb/Preview Content\"";
				DEVELOPMENT_TEAM = "";
				"DEVELOPMENT_TEAM[sdk=iphoneos*]" = M46W996KF7;
				ENABLE_PREVIEWS = YES;
				GENERATE_INFOPLIST_FILE = YES;
				INFOPLIST_KEY_UIApplicationSceneManifest_Generation = YES;
				INFOPLIST_KEY_UIApplicationSupportsIndirectInputEvents = YES;
				INFOPLIST_KEY_UILaunchScreen_Generation = YES;
				INFOPLIST_KEY_UISupportedInterfaceOrientations_iPad = "UIInterfaceOrientationPortrait UIInterfaceOrientationPortraitUpsideDown UIInterfaceOrientationLandscapeLeft UIInterfaceOrientationLandscapeRight";
				INFOPLIST_KEY_UISupportedInterfaceOrientations_iPhone = "UIInterfaceOrientationPortrait UIInterfaceOrientationLandscapeLeft UIInterfaceOrientationLandscapeRight";
				IPHONEOS_DEPLOYMENT_TARGET = 17.0;
				LD_RUNPATH_SEARCH_PATHS = (
					"$(inherited)",
					"@executable_path/Frameworks",
				);
				MARKETING_VERSION = 1.0;
				PRODUCT_BUNDLE_IDENTIFIER = com.wt.SheridanBnb;
				PRODUCT_NAME = "$(TARGET_NAME)";
				PROVISIONING_PROFILE_SPECIFIER = "";
				"PROVISIONING_PROFILE_SPECIFIER[sdk=iphoneos*]" = "SheridanBnb Dev";
				SWIFT_EMIT_LOC_STRINGS = YES;
				SWIFT_VERSION = 5.0;
				TARGETED_DEVICE_FAMILY = "1,2";
			};
			name = Release;
		};
/* End XCBuildConfiguration section */

/* Begin XCConfigurationList section */
		F2FD62742B47368D006E8FDA /* Build configuration list for PBXProject "SheridanBnb" */ = {
			isa = XCConfigurationList;
			buildConfigurations = (
				F2FD62852B47368F006E8FDA /* Debug */,
				F2FD62862B47368F006E8FDA /* Release */,
			);
			defaultConfigurationIsVisible = 0;
			defaultConfigurationName = Release;
		};
		F2FD62872B47368F006E8FDA /* Build configuration list for PBXNativeTarget "SheridanBnb" */ = {
			isa = XCConfigurationList;
			buildConfigurations = (
				F2FD62882B47368F006E8FDA /* Debug */,
				F2FD62892B47368F006E8FDA /* Release */,
			);
			defaultConfigurationIsVisible = 0;
			defaultConfigurationName = Release;
		};
/* End XCConfigurationList section */

/* Begin XCRemoteSwiftPackageReference section */
		F2FD628C2B475A6C006E8FDA /* XCRemoteSwiftPackageReference "firebase-ios-sdk" */ = {
			isa = XCRemoteSwiftPackageReference;
			repositoryURL = "https://github.com/firebase/firebase-ios-sdk";
			requirement = {
				kind = upToNextMajorVersion;
				minimumVersion = 10.19.1;
			};
		};
/* End XCRemoteSwiftPackageReference section */

/* Begin XCSwiftPackageProductDependency section */
		F2FD628D2B475A6C006E8FDA /* FirebaseAnalytics */ = {
			isa = XCSwiftPackageProductDependency;
			package = F2FD628C2B475A6C006E8FDA /* XCRemoteSwiftPackageReference "firebase-ios-sdk" */;
			productName = FirebaseAnalytics;
		};
		F2FD628F2B475A6C006E8FDA /* FirebaseAnalyticsOnDeviceConversion */ = {
			isa = XCSwiftPackageProductDependency;
			package = F2FD628C2B475A6C006E8FDA /* XCRemoteSwiftPackageReference "firebase-ios-sdk" */;
			productName = FirebaseAnalyticsOnDeviceConversion;
		};
		F2FD62912B475A6C006E8FDA /* FirebaseAnalyticsSwift */ = {
			isa = XCSwiftPackageProductDependency;
			package = F2FD628C2B475A6C006E8FDA /* XCRemoteSwiftPackageReference "firebase-ios-sdk" */;
			productName = FirebaseAnalyticsSwift;
		};
		F2FD62932B475A6C006E8FDA /* FirebaseAnalyticsWithoutAdIdSupport */ = {
			isa = XCSwiftPackageProductDependency;
			package = F2FD628C2B475A6C006E8FDA /* XCRemoteSwiftPackageReference "firebase-ios-sdk" */;
			productName = FirebaseAnalyticsWithoutAdIdSupport;
		};
		F2FD62972B475A6C006E8FDA /* FirebaseAppDistribution-Beta */ = {
			isa = XCSwiftPackageProductDependency;
			package = F2FD628C2B475A6C006E8FDA /* XCRemoteSwiftPackageReference "firebase-ios-sdk" */;
			productName = "FirebaseAppDistribution-Beta";
		};
		F2FD62992B475A6C006E8FDA /* FirebaseAuth */ = {
			isa = XCSwiftPackageProductDependency;
			package = F2FD628C2B475A6C006E8FDA /* XCRemoteSwiftPackageReference "firebase-ios-sdk" */;
			productName = FirebaseAuth;
		};
		F2FD62A32B47A382006E8FDA /* FirebaseFirestore */ = {
			isa = XCSwiftPackageProductDependency;
			package = F2FD628C2B475A6C006E8FDA /* XCRemoteSwiftPackageReference "firebase-ios-sdk" */;
			productName = FirebaseFirestore;
		};
		F2FD62A52B47A38C006E8FDA /* FirebaseFirestoreSwift */ = {
			isa = XCSwiftPackageProductDependency;
			package = F2FD628C2B475A6C006E8FDA /* XCRemoteSwiftPackageReference "firebase-ios-sdk" */;
			productName = FirebaseFirestoreSwift;
		};
/* End XCSwiftPackageProductDependency section */
	};
	rootObject = F2FD62712B47368D006E8FDA /* Project object */;
}
